webtyp.com/audio v0.1.0 h1:Cqx+35uXXROqOFLuRWza1ws+80Kq3uKcKsfFS9O089o=
webtyp.com/audio v0.1.0/go.mod h1:WElRS/Qt7Sy26neRQPY/EvOOQ8goH0MdgXqGLca7Nn0=
webtyp.com/context v0.0.23 h1:T+lH+UteRAPD6gLH8oxW0TBr5aZlJwgfIpmnA4DdFSY=
webtyp.com/context v0.0.23/go.mod h1:SXtpX0NmsG9zoL9B2uYVPy0ZfmXl0C1zyjQkYmuz38Q=
webtyp.com/fmt v1.0.0 h1:W0vMMGC6ezg1q2LarAEaVnNvZ26hVqzZdQQH1wcNogM=
webtyp.com/fmt v1.0.0/go.mod h1:FmTxx713R45J21kbH5JOmKGaaCap3fJPA9Yl2n4Ch7U=
